
Microsoft Visual Studio Solution File, Format Version 12.00
# Visual Studio Version 17
VisualStudioVersion = 17.5.33627.172
MinimumVisualStudioVersion = 10.0.40219.1
Project("{9A19103F-16F7-4668-BE54-9A1E7A4F7556}") = "SpaceXunit", "SpaceXunit\SpaceXunit.csproj", "{11C9548C-F8DA-4054-AE30-B715A8DA7B16}"
EndProject
Project("{2150E333-8FDC-42A3-9474-1A3956D46DE8}") = "Tests", "Tests", "{7AA86D10-4595-4B76-80C6-B0F83AF77504}"
EndProject
Project("{9A19103F-16F7-4668-BE54-9A1E7A4F7556}") = "SpaceXunit.Data", "SpaceXunit.Data\SpaceXunit.Data.csproj", "{03C9DF45-9007-4CD3-A39F-38CA4944F6A7}"
EndProject
Project("{FAE04EC0-301F-11D3-BF4B-00C04F79EFBC}") = "SpaceXunit.Test", "SpaceXunit.Test\SpaceXunit.Test.csproj", "{7A98F404-6DD0-4A10-A149-B6B64D3D6283}"
EndProject
Project("{FAE04EC0-301F-11D3-BF4B-00C04F79EFBC}") = "SpaceXunit.Base.Test", "SpaceXunit.Base.Test\SpaceXunit.Base.Test.csproj", "{6B56D1BB-4FE7-427D-AA91-A2E36828F1DE}"
EndProject
Global
	GlobalSection(SolutionConfigurationPlatforms) = preSolution
		Debug|Any CPU = Debug|Any CPU
		Debug|ARM = Debug|ARM
		Debug|ARM64 = Debug|ARM64
		Debug|x64 = Debug|x64
		Debug|x86 = Debug|x86
		Release|Any CPU = Release|Any CPU
		Release|ARM = Release|ARM
		Release|ARM64 = Release|ARM64
		Release|x64 = Release|x64
		Release|x86 = Release|x86
	EndGlobalSection
	GlobalSection(ProjectConfigurationPlatforms) = postSolution
		{11C9548C-F8DA-4054-AE30-B715A8DA7B16}.Debug|Any CPU.ActiveCfg = Debug|Any CPU
		{11C9548C-F8DA-4054-AE30-B715A8DA7B16}.Debug|Any CPU.Build.0 = Debug|Any CPU
		{11C9548C-F8DA-4054-AE30-B715A8DA7B16}.Debug|ARM.ActiveCfg = Debug|Any CPU
		{11C9548C-F8DA-4054-AE30-B715A8DA7B16}.Debug|ARM.Build.0 = Debug|Any CPU
		{11C9548C-F8DA-4054-AE30-B715A8DA7B16}.Debug|ARM64.ActiveCfg = Debug|Any CPU
		{11C9548C-F8DA-4054-AE30-B715A8DA7B16}.Debug|ARM64.Build.0 = Debug|Any CPU
		{11C9548C-F8DA-4054-AE30-B715A8DA7B16}.Debug|x64.ActiveCfg = Debug|Any CPU
		{11C9548C-F8DA-4054-AE30-B715A8DA7B16}.Debug|x64.Build.0 = Debug|Any CPU
		{11C9548C-F8DA-4054-AE30-B715A8DA7B16}.Debug|x86.ActiveCfg = Debug|Any CPU
		{11C9548C-F8DA-4054-AE30-B715A8DA7B16}.Debug|x86.Build.0 = Debug|Any CPU
		{11C9548C-F8DA-4054-AE30-B715A8DA7B16}.Release|Any CPU.ActiveCfg = Release|Any CPU
		{11C9548C-F8DA-4054-AE30-B715A8DA7B16}.Release|Any CPU.Build.0 = Release|Any CPU
		{11C9548C-F8DA-4054-AE30-B715A8DA7B16}.Release|ARM.ActiveCfg = Release|Any CPU
		{11C9548C-F8DA-4054-AE30-B715A8DA7B16}.Release|ARM.Build.0 = Release|Any CPU
		{11C9548C-F8DA-4054-AE30-B715A8DA7B16}.Release|ARM64.ActiveCfg = Release|Any CPU
		{11C9548C-F8DA-4054-AE30-B715A8DA7B16}.Release|ARM64.Build.0 = Release|Any CPU
		{11C9548C-F8DA-4054-AE30-B715A8DA7B16}.Release|x64.ActiveCfg = Release|Any CPU
		{11C9548C-F8DA-4054-AE30-B715A8DA7B16}.Release|x64.Build.0 = Release|Any CPU
		{11C9548C-F8DA-4054-AE30-B715A8DA7B16}.Release|x86.ActiveCfg = Release|Any CPU
		{11C9548C-F8DA-4054-AE30-B715A8DA7B16}.Release|x86.Build.0 = Release|Any CPU
		{03C9DF45-9007-4CD3-A39F-38CA4944F6A7}.Debug|Any CPU.ActiveCfg = Debug|Any CPU
		{03C9DF45-9007-4CD3-A39F-38CA4944F6A7}.Debug|Any CPU.Build.0 = Debug|Any CPU
		{03C9DF45-9007-4CD3-A39F-38CA4944F6A7}.Debug|ARM.ActiveCfg = Debug|Any CPU
		{03C9DF45-9007-4CD3-A39F-38CA4944F6A7}.Debug|ARM.Build.0 = Debug|Any CPU
		{03C9DF45-9007-4CD3-A39F-38CA4944F6A7}.Debug|ARM64.ActiveCfg = Debug|Any CPU
		{03C9DF45-9007-4CD3-A39F-38CA4944F6A7}.Debug|ARM64.Build.0 = Debug|Any CPU
		{03C9DF45-9007-4CD3-A39F-38CA4944F6A7}.Debug|x64.ActiveCfg = Debug|Any CPU
		{03C9DF45-9007-4CD3-A39F-38CA4944F6A7}.Debug|x64.Build.0 = Debug|Any CPU
		{03C9DF45-9007-4CD3-A39F-38CA4944F6A7}.Debug|x86.ActiveCfg = Debug|Any CPU
		{03C9DF45-9007-4CD3-A39F-38CA4944F6A7}.Debug|x86.Build.0 = Debug|Any CPU
		{03C9DF45-9007-4CD3-A39F-38CA4944F6A7}.Release|Any CPU.ActiveCfg = Release|Any CPU
		{03C9DF45-9007-4CD3-A39F-38CA4944F6A7}.Release|Any CPU.Build.0 = Release|Any CPU
		{03C9DF45-9007-4CD3-A39F-38CA4944F6A7}.Release|ARM.ActiveCfg = Release|Any CPU
		{03C9DF45-9007-4CD3-A39F-38CA4944F6A7}.Release|ARM.Build.0 = Release|Any CPU
		{03C9DF45-9007-4CD3-A39F-38CA4944F6A7}.Release|ARM64.ActiveCfg = Release|Any CPU
		{03C9DF45-9007-4CD3-A39F-38CA4944F6A7}.Release|ARM64.Build.0 = Release|Any CPU
		{03C9DF45-9007-4CD3-A39F-38CA4944F6A7}.Release|x64.ActiveCfg = Release|Any CPU
		{03C9DF45-9007-4CD3-A39F-38CA4944F6A7}.Release|x64.Build.0 = Release|Any CPU
		{03C9DF45-9007-4CD3-A39F-38CA4944F6A7}.Release|x86.ActiveCfg = Release|Any CPU
		{03C9DF45-9007-4CD3-A39F-38CA4944F6A7}.Release|x86.Build.0 = Release|Any CPU
		{7A98F404-6DD0-4A10-A149-B6B64D3D6283}.Debug|Any CPU.ActiveCfg = Debug|Any CPU
		{7A98F404-6DD0-4A10-A149-B6B64D3D6283}.Debug|Any CPU.Build.0 = Debug|Any CPU
		{7A98F404-6DD0-4A10-A149-B6B64D3D6283}.Debug|ARM.ActiveCfg = Debug|Any CPU
		{7A98F404-6DD0-4A10-A149-B6B64D3D6283}.Debug|ARM.Build.0 = Debug|Any CPU
		{7A98F404-6DD0-4A10-A149-B6B64D3D6283}.Debug|ARM64.ActiveCfg = Debug|Any CPU
		{7A98F404-6DD0-4A10-A149-B6B64D3D6283}.Debug|ARM64.Build.0 = Debug|Any CPU
		{7A98F404-6DD0-4A10-A149-B6B64D3D6283}.Debug|x64.ActiveCfg = Debug|Any CPU
		{7A98F404-6DD0-4A10-A149-B6B64D3D6283}.Debug|x64.Build.0 = Debug|Any CPU
		{7A98F404-6DD0-4A10-A149-B6B64D3D6283}.Debug|x86.ActiveCfg = Debug|Any CPU
		{7A98F404-6DD0-4A10-A149-B6B64D3D6283}.Debug|x86.Build.0 = Debug|Any CPU
		{7A98F404-6DD0-4A10-A149-B6B64D3D6283}.Release|Any CPU.ActiveCfg = Release|Any CPU
		{7A98F404-6DD0-4A10-A149-B6B64D3D6283}.Release|Any CPU.Build.0 = Release|Any CPU
		{7A98F404-6DD0-4A10-A149-B6B64D3D6283}.Release|ARM.ActiveCfg = Release|Any CPU
		{7A98F404-6DD0-4A10-A149-B6B64D3D6283}.Release|ARM.Build.0 = Release|Any CPU
		{7A98F404-6DD0-4A10-A149-B6B64D3D6283}.Release|ARM64.ActiveCfg = Release|Any CPU
		{7A98F404-6DD0-4A10-A149-B6B64D3D6283}.Release|ARM64.Build.0 = Release|Any CPU
		{7A98F404-6DD0-4A10-A149-B6B64D3D6283}.Release|x64.ActiveCfg = Release|Any CPU
		{7A98F404-6DD0-4A10-A149-B6B64D3D6283}.Release|x64.Build.0 = Release|Any CPU
		{7A98F404-6DD0-4A10-A149-B6B64D3D6283}.Release|x86.ActiveCfg = Release|Any CPU
		{7A98F404-6DD0-4A10-A149-B6B64D3D6283}.Release|x86.Build.0 = Release|Any CPU
		{6B56D1BB-4FE7-427D-AA91-A2E36828F1DE}.Debug|Any CPU.ActiveCfg = Debug|Any CPU
		{6B56D1BB-4FE7-427D-AA91-A2E36828F1DE}.Debug|Any CPU.Build.0 = Debug|Any CPU
		{6B56D1BB-4FE7-427D-AA91-A2E36828F1DE}.Debug|ARM.ActiveCfg = Debug|Any CPU
		{6B56D1BB-4FE7-427D-AA91-A2E36828F1DE}.Debug|ARM.Build.0 = Debug|Any CPU
		{6B56D1BB-4FE7-427D-AA91-A2E36828F1DE}.Debug|ARM64.ActiveCfg = Debug|Any CPU
		{6B56D1BB-4FE7-427D-AA91-A2E36828F1DE}.Debug|ARM64.Build.0 = Debug|Any CPU
		{6B56D1BB-4FE7-427D-AA91-A2E36828F1DE}.Debug|x64.ActiveCfg = Debug|Any CPU
		{6B56D1BB-4FE7-427D-AA91-A2E36828F1DE}.Debug|x64.Build.0 = Debug|Any CPU
		{6B56D1BB-4FE7-427D-AA91-A2E36828F1DE}.Debug|x86.ActiveCfg = Debug|Any CPU
		{6B56D1BB-4FE7-427D-AA91-A2E36828F1DE}.Debug|x86.Build.0 = Debug|Any CPU
		{6B56D1BB-4FE7-427D-AA91-A2E36828F1DE}.Release|Any CPU.ActiveCfg = Release|Any CPU
		{6B56D1BB-4FE7-427D-AA91-A2E36828F1DE}.Release|Any CPU.Build.0 = Release|Any CPU
		{6B56D1BB-4FE7-427D-AA91-A2E36828F1DE}.Release|ARM.ActiveCfg = Release|Any CPU
		{6B56D1BB-4FE7-427D-AA91-A2E36828F1DE}.Release|ARM.Build.0 = Release|Any CPU
		{6B56D1BB-4FE7-427D-AA91-A2E36828F1DE}.Release|ARM64.ActiveCfg = Release|Any CPU
		{6B56D1BB-4FE7-427D-AA91-A2E36828F1DE}.Release|ARM64.Build.0 = Release|Any CPU
		{6B56D1BB-4FE7-427D-AA91-A2E36828F1DE}.Release|x64.ActiveCfg = Release|Any CPU
		{6B56D1BB-4FE7-427D-AA91-A2E36828F1DE}.Release|x64.Build.0 = Release|Any CPU
		{6B56D1BB-4FE7-427D-AA91-A2E36828F1DE}.Release|x86.ActiveCfg = Release|Any CPU
		{6B56D1BB-4FE7-427D-AA91-A2E36828F1DE}.Release|x86.Build.0 = Release|Any CPU
	EndGlobalSection
	GlobalSection(SolutionProperties) = preSolution
		HideSolutionNode = FALSE
	EndGlobalSection
	GlobalSection(NestedProjects) = preSolution
		{7A98F404-6DD0-4A10-A149-B6B64D3D6283} = {7AA86D10-4595-4B76-80C6-B0F83AF77504}
		{6B56D1BB-4FE7-427D-AA91-A2E36828F1DE} = {7AA86D10-4595-4B76-80C6-B0F83AF77504}
	EndGlobalSection
	GlobalSection(ExtensibilityGlobals) = postSolution
		SolutionGuid = {294FB025-FA4C-4B42-87DA-4B3F4E329DC3}
	EndGlobalSection
EndGlobal
